{
  "name": "silberschmiede",
  "version": "1.0.0",
  "lockfileVersion": 1,
  "requires": true,
  "dependencies": {
    "uikit": {
      "version": "3.0.3",
      "resolved": "https://registry.npmjs.org/uikit/-/uikit-3.0.3.tgz",
      "integrity": "sha512-Z73TXlnfJCAXczg5mFCZSTwR0Ii1wW2fZumfIR8G1x1x4SyKHpkU0JCZDoIryYFMu1gSpvy5hZiXk3t4i5tTlw=="
    }
  }
}
